lockfileVersion: '9.0'

settings:
  autoInstallPeers: true
  excludeLinksFromLockfile: false

importers:

  .:
    dependencies:
      '@fortawesome/fontawesome-free':
        specifier: ^6.7.2
        version: 6.7.2
      '@fortawesome/fontawesome-svg-core':
        specifier: ^6.7.2
        version: 6.7.2
      bootstrap:
        specifier: ^5.3.5
        version: 5.3.5(@popperjs/core@2.11.8)

packages:

  '@fortawesome/fontawesome-common-types@6.7.2':
    resolution: {integrity: sha512-Zs+YeHUC5fkt7Mg1l6XTniei3k4bwG/yo3iFUtZWd/pMx9g3fdvkSK9E0FOC+++phXOka78uJcYb8JaFkW52Xg==}
    engines: {node: '>=6'}

  '@fortawesome/fontawesome-free@6.7.2':
    resolution: {integrity: sha512-JUOtgFW6k9u4Y+xeIaEiLr3+cjoUPiAuLXoyKOJSia6Duzb7pq+A76P9ZdPDoAoxHdHzq6gE9/jKBGXlZT8FbA==}
    engines: {node: '>=6'}

  '@fortawesome/fontawesome-svg-core@6.7.2':
    resolution: {integrity: sha512-yxtOBWDrdi5DD5o1pmVdq3WMCvnobT0LU6R8RyyVXPvFRd2o79/0NCuQoCjNTeZz9EzA9xS3JxNWfv54RIHFEA==}
    engines: {node: '>=6'}

  '@popperjs/core@2.11.8':
    resolution: {integrity: sha512-P1st0aksCrn9sGZhp8GMYwBnQsbvAWsZAX44oXNNvLHGqAOcoVxmjZiohstwQ7SqKnbR47akdNi+uleWD8+g6A==}

  bootstrap@5.3.5:
    resolution: {integrity: sha512-ct1CHKtiobRimyGzmsSldEtM03E8fcEX4Tb3dGXz1V8faRwM50+vfHwTzOxB3IlKO7m+9vTH3s/3C6T2EAPeTA==}
    peerDependencies:
      '@popperjs/core': ^2.11.8

snapshots:

  '@fortawesome/fontawesome-common-types@6.7.2': {}

  '@fortawesome/fontawesome-free@6.7.2': {}

  '@fortawesome/fontawesome-svg-core@6.7.2':
    dependencies:
      '@fortawesome/fontawesome-common-types': 6.7.2

  '@popperjs/core@2.11.8': {}

  bootstrap@5.3.5(@popperjs/core@2.11.8):
    dependencies:
      '@popperjs/core': 2.11.8
